
Microsoft Visual Studio Solution File, Format Version 12.00
# Visual Studio Version 16
VisualStudioVersion = 16.0.29111.141
MinimumVisualStudioVersion = 10.0.40219.1
Project("{2150E333-8FDC-42A3-9474-1A3956D46DE8}") = "Order", "Order", "{2F1AD957-F2B3-45B3-85AF-29537D99D257}"
EndProject
Project("{2150E333-8FDC-42A3-9474-1A3956D46DE8}") = "Stock", "Stock", "{D80DEC86-FB5B-4058-A6AB-64F6F67C26F3}"
EndProject
Project("{2150E333-8FDC-42A3-9474-1A3956D46DE8}") = "Payment", "Payment", "{BAD0334C-550D-405A-ADE0-BB2B7326B64A}"
EndProject
Project("{2150E333-8FDC-42A3-9474-1A3956D46DE8}") = "Solution Items", "Solution Items", "{D3279B41-8CB0-4762-8BD8-0FA4156C14D9}"
	ProjectSection(SolutionItems) = preProject
		.editorconfig = .editorconfig
		Directory.Build.props = Directory.Build.props
	EndProjectSection
EndProject
Project("{2150E333-8FDC-42A3-9474-1A3956D46DE8}") = "src", "src", "{18123AF3-9B68-4233-AFB1-623DC59A0F48}"
EndProject
Project("{9A19103F-16F7-4668-BE54-9A1E7A4F7556}") = "OrderService.API", "src\OrderService\OrderService.API\OrderService.API.csproj", "{D55E7D95-8D66-49A3-A972-D79DBBCF1CD0}"
EndProject
Project("{2150E333-8FDC-42A3-9474-1A3956D46DE8}") = "libs", "libs", "{D9D781A0-19C7-4D4F-8911-840C22D34BAE}"
EndProject
Project("{9A19103F-16F7-4668-BE54-9A1E7A4F7556}") = "PaymentService.API", "src\PaymentService\PaymentService.API\PaymentService.API.csproj", "{F9A6E342-D234-4294-95E3-9CE1FC5C10A9}"
EndProject
Project("{9A19103F-16F7-4668-BE54-9A1E7A4F7556}") = "StockService.API", "src\StockService\StockService.API\StockService.API.csproj", "{BE1CF341-16D4-43F5-849E-6ED6DA14E55C}"
EndProject
Project("{2150E333-8FDC-42A3-9474-1A3956D46DE8}") = "test", "test", "{AE14E0AB-351E-4F93-B52A-CDA7E08F653E}"
EndProject
Project("{9A19103F-16F7-4668-BE54-9A1E7A4F7556}") = "OrderService.API.Test", "src\OrderService\OrderService.API.Test\OrderService.API.Test.csproj", "{6063DEBC-FC46-44EC-90B4-0BD4C2931E75}"
EndProject
Project("{9A19103F-16F7-4668-BE54-9A1E7A4F7556}") = "PaymentService.API.Test", "src\PaymentService\PaymentService.API.Test\PaymentService.API.Test.csproj", "{04E8FE67-38F9-4A92-A95F-F71A25B24491}"
EndProject
Project("{9A19103F-16F7-4668-BE54-9A1E7A4F7556}") = "StockService.API.Test", "src\StockService\StockService.API.Test\StockService.API.Test.csproj", "{5C1E21BA-67CE-409B-9C7A-EB48248498A4}"
EndProject
Project("{9A19103F-16F7-4668-BE54-9A1E7A4F7556}") = "LibOpenTracing", "lib\LibOpenTracing\LibOpenTracing.csproj", "{9A2062EB-F3C9-4B6F-83B0-C2D00208C66C}"
EndProject
Project("{9A19103F-16F7-4668-BE54-9A1E7A4F7556}") = "LibMediator", "lib\LibMediator\LibMediator.csproj", "{67676100-F874-4B18-B38B-014853FDB338}"
EndProject
Project("{9A19103F-16F7-4668-BE54-9A1E7A4F7556}") = "OrderService.IntegrationTest", "src\OrderService\OrderService.IntegrationTest\OrderService.IntegrationTest.csproj", "{50035399-8B3D-4D4A-8720-EF411F423FC2}"
EndProject
Project("{9A19103F-16F7-4668-BE54-9A1E7A4F7556}") = "OrderService.Domain", "src\OrderService\OrderService.Domain\OrderService.Domain.csproj", "{AACF7DB2-BE7B-4264-A575-EF9539CA1ADE}"
EndProject
Project("{9A19103F-16F7-4668-BE54-9A1E7A4F7556}") = "OrderService.Domain.Test", "src\OrderService\OrderService.Domain.Test\OrderService.Domain.Test.csproj", "{08264E06-F7A1-4D87-BBE5-5184C78607FA}"
EndProject
Project("{9A19103F-16F7-4668-BE54-9A1E7A4F7556}") = "OrderService.Infrastructure", "src\OrderService\OrderService.Infrastructure\OrderService.Infrastructure.csproj", "{A23141B8-A104-4267-B287-2D1DC056BD7B}"
EndProject
Project("{FAE04EC0-301F-11D3-BF4B-00C04F79EFBC}") = "LibWebAPI", "lib\LibWebAPI\LibWebAPI.csproj", "{12B2748C-7409-4BB2-8046-D06B55BA1D78}"
EndProject
Global
	GlobalSection(SolutionConfigurationPlatforms) = preSolution
		Debug|Any CPU = Debug|Any CPU
		Release|Any CPU = Release|Any CPU
	EndGlobalSection
	GlobalSection(ProjectConfigurationPlatforms) = postSolution
		{D55E7D95-8D66-49A3-A972-D79DBBCF1CD0}.Debug|Any CPU.ActiveCfg = Debug|Any CPU
		{D55E7D95-8D66-49A3-A972-D79DBBCF1CD0}.Debug|Any CPU.Build.0 = Debug|Any CPU
		{D55E7D95-8D66-49A3-A972-D79DBBCF1CD0}.Release|Any CPU.ActiveCfg = Release|Any CPU
		{D55E7D95-8D66-49A3-A972-D79DBBCF1CD0}.Release|Any CPU.Build.0 = Release|Any CPU
		{F9A6E342-D234-4294-95E3-9CE1FC5C10A9}.Debug|Any CPU.ActiveCfg = Debug|Any CPU
		{F9A6E342-D234-4294-95E3-9CE1FC5C10A9}.Debug|Any CPU.Build.0 = Debug|Any CPU
		{F9A6E342-D234-4294-95E3-9CE1FC5C10A9}.Release|Any CPU.ActiveCfg = Release|Any CPU
		{F9A6E342-D234-4294-95E3-9CE1FC5C10A9}.Release|Any CPU.Build.0 = Release|Any CPU
		{BE1CF341-16D4-43F5-849E-6ED6DA14E55C}.Debug|Any CPU.ActiveCfg = Debug|Any CPU
		{BE1CF341-16D4-43F5-849E-6ED6DA14E55C}.Debug|Any CPU.Build.0 = Debug|Any CPU
		{BE1CF341-16D4-43F5-849E-6ED6DA14E55C}.Release|Any CPU.ActiveCfg = Release|Any CPU
		{BE1CF341-16D4-43F5-849E-6ED6DA14E55C}.Release|Any CPU.Build.0 = Release|Any CPU
		{6063DEBC-FC46-44EC-90B4-0BD4C2931E75}.Debug|Any CPU.ActiveCfg = Debug|Any CPU
		{6063DEBC-FC46-44EC-90B4-0BD4C2931E75}.Debug|Any CPU.Build.0 = Debug|Any CPU
		{6063DEBC-FC46-44EC-90B4-0BD4C2931E75}.Release|Any CPU.ActiveCfg = Release|Any CPU
		{6063DEBC-FC46-44EC-90B4-0BD4C2931E75}.Release|Any CPU.Build.0 = Release|Any CPU
		{04E8FE67-38F9-4A92-A95F-F71A25B24491}.Debug|Any CPU.ActiveCfg = Debug|Any CPU
		{04E8FE67-38F9-4A92-A95F-F71A25B24491}.Debug|Any CPU.Build.0 = Debug|Any CPU
		{04E8FE67-38F9-4A92-A95F-F71A25B24491}.Release|Any CPU.ActiveCfg = Release|Any CPU
		{04E8FE67-38F9-4A92-A95F-F71A25B24491}.Release|Any CPU.Build.0 = Release|Any CPU
		{5C1E21BA-67CE-409B-9C7A-EB48248498A4}.Debug|Any CPU.ActiveCfg = Debug|Any CPU
		{5C1E21BA-67CE-409B-9C7A-EB48248498A4}.Debug|Any CPU.Build.0 = Debug|Any CPU
		{5C1E21BA-67CE-409B-9C7A-EB48248498A4}.Release|Any CPU.ActiveCfg = Release|Any CPU
		{5C1E21BA-67CE-409B-9C7A-EB48248498A4}.Release|Any CPU.Build.0 = Release|Any CPU
		{9A2062EB-F3C9-4B6F-83B0-C2D00208C66C}.Debug|Any CPU.ActiveCfg = Debug|Any CPU
		{9A2062EB-F3C9-4B6F-83B0-C2D00208C66C}.Debug|Any CPU.Build.0 = Debug|Any CPU
		{9A2062EB-F3C9-4B6F-83B0-C2D00208C66C}.Release|Any CPU.ActiveCfg = Release|Any CPU
		{9A2062EB-F3C9-4B6F-83B0-C2D00208C66C}.Release|Any CPU.Build.0 = Release|Any CPU
		{67676100-F874-4B18-B38B-014853FDB338}.Debug|Any CPU.ActiveCfg = Debug|Any CPU
		{67676100-F874-4B18-B38B-014853FDB338}.Debug|Any CPU.Build.0 = Debug|Any CPU
		{67676100-F874-4B18-B38B-014853FDB338}.Release|Any CPU.ActiveCfg = Release|Any CPU
		{67676100-F874-4B18-B38B-014853FDB338}.Release|Any CPU.Build.0 = Release|Any CPU
		{50035399-8B3D-4D4A-8720-EF411F423FC2}.Debug|Any CPU.ActiveCfg = Debug|Any CPU
		{50035399-8B3D-4D4A-8720-EF411F423FC2}.Debug|Any CPU.Build.0 = Debug|Any CPU
		{50035399-8B3D-4D4A-8720-EF411F423FC2}.Release|Any CPU.ActiveCfg = Release|Any CPU
		{50035399-8B3D-4D4A-8720-EF411F423FC2}.Release|Any CPU.Build.0 = Release|Any CPU
		{AACF7DB2-BE7B-4264-A575-EF9539CA1ADE}.Debug|Any CPU.ActiveCfg = Debug|Any CPU
		{AACF7DB2-BE7B-4264-A575-EF9539CA1ADE}.Debug|Any CPU.Build.0 = Debug|Any CPU
		{AACF7DB2-BE7B-4264-A575-EF9539CA1ADE}.Release|Any CPU.ActiveCfg = Release|Any CPU
		{AACF7DB2-BE7B-4264-A575-EF9539CA1ADE}.Release|Any CPU.Build.0 = Release|Any CPU
		{08264E06-F7A1-4D87-BBE5-5184C78607FA}.Debug|Any CPU.ActiveCfg = Debug|Any CPU
		{08264E06-F7A1-4D87-BBE5-5184C78607FA}.Debug|Any CPU.Build.0 = Debug|Any CPU
		{08264E06-F7A1-4D87-BBE5-5184C78607FA}.Release|Any CPU.ActiveCfg = Release|Any CPU
		{08264E06-F7A1-4D87-BBE5-5184C78607FA}.Release|Any CPU.Build.0 = Release|Any CPU
		{A23141B8-A104-4267-B287-2D1DC056BD7B}.Debug|Any CPU.ActiveCfg = Debug|Any CPU
		{A23141B8-A104-4267-B287-2D1DC056BD7B}.Debug|Any CPU.Build.0 = Debug|Any CPU
		{A23141B8-A104-4267-B287-2D1DC056BD7B}.Release|Any CPU.ActiveCfg = Release|Any CPU
		{A23141B8-A104-4267-B287-2D1DC056BD7B}.Release|Any CPU.Build.0 = Release|Any CPU
		{12B2748C-7409-4BB2-8046-D06B55BA1D78}.Debug|Any CPU.ActiveCfg = Debug|Any CPU
		{12B2748C-7409-4BB2-8046-D06B55BA1D78}.Debug|Any CPU.Build.0 = Debug|Any CPU
		{12B2748C-7409-4BB2-8046-D06B55BA1D78}.Release|Any CPU.ActiveCfg = Release|Any CPU
		{12B2748C-7409-4BB2-8046-D06B55BA1D78}.Release|Any CPU.Build.0 = Release|Any CPU
	EndGlobalSection
	GlobalSection(SolutionProperties) = preSolution
		HideSolutionNode = FALSE
	EndGlobalSection
	GlobalSection(NestedProjects) = preSolution
		{2F1AD957-F2B3-45B3-85AF-29537D99D257} = {18123AF3-9B68-4233-AFB1-623DC59A0F48}
		{D80DEC86-FB5B-4058-A6AB-64F6F67C26F3} = {18123AF3-9B68-4233-AFB1-623DC59A0F48}
		{BAD0334C-550D-405A-ADE0-BB2B7326B64A} = {18123AF3-9B68-4233-AFB1-623DC59A0F48}
		{D55E7D95-8D66-49A3-A972-D79DBBCF1CD0} = {2F1AD957-F2B3-45B3-85AF-29537D99D257}
		{F9A6E342-D234-4294-95E3-9CE1FC5C10A9} = {BAD0334C-550D-405A-ADE0-BB2B7326B64A}
		{BE1CF341-16D4-43F5-849E-6ED6DA14E55C} = {D80DEC86-FB5B-4058-A6AB-64F6F67C26F3}
		{6063DEBC-FC46-44EC-90B4-0BD4C2931E75} = {AE14E0AB-351E-4F93-B52A-CDA7E08F653E}
		{04E8FE67-38F9-4A92-A95F-F71A25B24491} = {AE14E0AB-351E-4F93-B52A-CDA7E08F653E}
		{5C1E21BA-67CE-409B-9C7A-EB48248498A4} = {AE14E0AB-351E-4F93-B52A-CDA7E08F653E}
		{9A2062EB-F3C9-4B6F-83B0-C2D00208C66C} = {D9D781A0-19C7-4D4F-8911-840C22D34BAE}
		{67676100-F874-4B18-B38B-014853FDB338} = {D9D781A0-19C7-4D4F-8911-840C22D34BAE}
		{50035399-8B3D-4D4A-8720-EF411F423FC2} = {AE14E0AB-351E-4F93-B52A-CDA7E08F653E}
		{AACF7DB2-BE7B-4264-A575-EF9539CA1ADE} = {2F1AD957-F2B3-45B3-85AF-29537D99D257}
		{08264E06-F7A1-4D87-BBE5-5184C78607FA} = {AE14E0AB-351E-4F93-B52A-CDA7E08F653E}
		{A23141B8-A104-4267-B287-2D1DC056BD7B} = {2F1AD957-F2B3-45B3-85AF-29537D99D257}
		{12B2748C-7409-4BB2-8046-D06B55BA1D78} = {D9D781A0-19C7-4D4F-8911-840C22D34BAE}
	EndGlobalSection
	GlobalSection(ExtensibilityGlobals) = postSolution
		SolutionGuid = {824802F4-E318-42A4-BF0F-B420A1E5F549}
	EndGlobalSection
EndGlobal
